// !$*UTF8*$!
{
	archiveVersion = 1;
	classes = {
	};
	objectVersion = 55;
	objects = {

/* Begin PBXBuildFile section */
		BE268AB9294DE22000138220 /* AppDelegate.swift in Sources */ = {isa = PBXBuildFile; fileRef = BE268AB8294DE22000138220 /* AppDelegate.swift */; };
		BE268AC2294DE22400138220 /* Assets.xcassets in Resources */ = {isa = PBXBuildFile; fileRef = BE268AC1294DE22400138220 /* Assets.xcassets */; };
		BE268AC5294DE22400138220 /* LaunchScreen.storyboard in Resources */ = {isa = PBXBuildFile; fileRef = BE268AC3294DE22400138220 /* LaunchScreen.storyboard */; };
		BE268AEF294DE5BD00138220 /* ViewContainer.swift in Sources */ = {isa = PBXBuildFile; fileRef = BE268AEE294DE5BD00138220 /* ViewContainer.swift */; };
		BE268AF1294DE65600138220 /* UIView+Extension.swift in Sources */ = {isa = PBXBuildFile; fileRef = BE268AF0294DE65600138220 /* UIView+Extension.swift */; };
		BE268AF4294DE7C100138220 /* ViewController.swift in Sources */ = {isa = PBXBuildFile; fileRef = BE268AF3294DE7C100138220 /* ViewController.swift */; };
		BE268AF6294DE83000138220 /* CustomViewController.swift in Sources */ = {isa = PBXBuildFile; fileRef = BE268AF5294DE83000138220 /* CustomViewController.swift */; };
		BE268AFE294DEA9500138220 /* HomeView.swift in Sources */ = {isa = PBXBuildFile; fileRef = BE268AFD294DEA9500138220 /* HomeView.swift */; };
		BE268B00294DEBC100138220 /* HomeViewController.swift in Sources */ = {isa = PBXBuildFile; fileRef = BE268AFF294DEBC100138220 /* HomeViewController.swift */; };
		BE268B04294DF0EE00138220 /* Fonts.swift in Sources */ = {isa = PBXBuildFile; fileRef = BE268B03294DF0EE00138220 /* Fonts.swift */; };
		BE268B07294DF14500138220 /* TextStyle.swift in Sources */ = {isa = PBXBuildFile; fileRef = BE268B06294DF14500138220 /* TextStyle.swift */; };
		BE7FF246294DF3DA00A661EC /* UIStackView+Extension.swift in Sources */ = {isa = PBXBuildFile; fileRef = BE7FF245294DF3DA00A661EC /* UIStackView+Extension.swift */; };
		BE7FF249294DF51500A661EC /* SF-Pro.ttf in Resources */ = {isa = PBXBuildFile; fileRef = BE7FF248294DF51500A661EC /* SF-Pro.ttf */; };
/* End PBXBuildFile section */

/* Begin PBXContainerItemProxy section */
		BE268ACC294DE22400138220 /* PBXContainerItemProxy */ = {
			isa = PBXContainerItemProxy;
			containerPortal = BE268AAD294DE22000138220 /* Project object */;
			proxyType = 1;
			remoteGlobalIDString = BE268AB4294DE22000138220;
			remoteInfo = CustomFont;
		};
		BE268AD6294DE22400138220 /* PBXContainerItemProxy */ = {
			isa = PBXContainerItemProxy;
			containerPortal = BE268AAD294DE22000138220 /* Project object */;
			proxyType = 1;
			remoteGlobalIDString = BE268AB4294DE22000138220;
			remoteInfo = CustomFont;
		};
/* End PBXContainerItemProxy section */

/* Begin PBXFileReference section */
		BE268AB5294DE22000138220 /* TextStyle.app */ = {isa = PBXFileReference; explicitFileType = wrapper.application; includeInIndex = 0; path = TextStyle.app; sourceTree = BUILT_PRODUCTS_DIR; };
		BE268AB8294DE22000138220 /* AppDelegate.swift */ = {isa = PBXFileReference; lastKnownFileType = sourcecode.swift; path = AppDelegate.swift; sourceTree = "<group>"; };
		BE268AC1294DE22400138220 /* Assets.xcassets */ = {isa = PBXFileReference; lastKnownFileType = folder.assetcatalog; path = Assets.xcassets; sourceTree = "<group>"; };
		BE268AC4294DE22400138220 /* Base */ = {isa = PBXFileReference; lastKnownFileType = file.storyboard; name = Base; path = Base.lproj/LaunchScreen.storyboard; sourceTree = "<group>"; };
		BE268AC6294DE22400138220 /* Info.plist */ = {isa = PBXFileReference; lastKnownFileType = text.plist.xml; path = Info.plist; sourceTree = "<group>"; };
		BE268ACB294DE22400138220 /* TextStyleTests.xctest */ = {isa = PBXFileReference; explicitFileType = wrapper.cfbundle; includeInIndex = 0; path = TextStyleTests.xctest; sourceTree = BUILT_PRODUCTS_DIR; };
		BE268AD5294DE22400138220 /* TextStyleUITests.xctest */ = {isa = PBXFileReference; explicitFileType = wrapper.cfbundle; includeInIndex = 0; path = TextStyleUITests.xctest; sourceTree = BUILT_PRODUCTS_DIR; };
		BE268AEE294DE5BD00138220 /* ViewContainer.swift */ = {isa = PBXFileReference; lastKnownFileType = sourcecode.swift; path = ViewContainer.swift; sourceTree = "<group>"; };
		BE268AF0294DE65600138220 /* UIView+Extension.swift */ = {isa = PBXFileReference; lastKnownFileType = sourcecode.swift; path = "UIView+Extension.swift"; sourceTree = "<group>"; };
		BE268AF3294DE7C100138220 /* ViewController.swift */ = {isa = PBXFileReference; lastKnownFileType = sourcecode.swift; path = ViewController.swift; sourceTree = "<group>"; };
		BE268AF5294DE83000138220 /* CustomViewController.swift */ = {isa = PBXFileReference; lastKnownFileType = sourcecode.swift; path = CustomViewController.swift; sourceTree = "<group>"; };
		BE268AFD294DEA9500138220 /* HomeView.swift */ = {isa = PBXFileReference; lastKnownFileType = sourcecode.swift; path = HomeView.swift; sourceTree = "<group>"; };
		BE268AFF294DEBC100138220 /* HomeViewController.swift */ = {isa = PBXFileReference; lastKnownFileType = sourcecode.swift; path = HomeViewController.swift; sourceTree = "<group>"; };
		BE268B03294DF0EE00138220 /* Fonts.swift */ = {isa = PBXFileReference; lastKnownFileType = sourcecode.swift; path = Fonts.swift; sourceTree = "<group>"; };
		BE268B06294DF14500138220 /* TextStyle.swift */ = {isa = PBXFileReference; lastKnownFileType = sourcecode.swift; path = TextStyle.swift; sourceTree = "<group>"; };
		BE7FF245294DF3DA00A661EC /* UIStackView+Extension.swift */ = {isa = PBXFileReference; lastKnownFileType = sourcecode.swift; path = "UIStackView+Extension.swift"; sourceTree = "<group>"; };
		BE7FF248294DF51500A661EC /* SF-Pro.ttf */ = {isa = PBXFileReference; lastKnownFileType = file; path = "SF-Pro.ttf"; sourceTree = "<group>"; };
/* End PBXFileReference section */

/* Begin PBXFrameworksBuildPhase section */
		BE268AB2294DE22000138220 /* Frameworks */ = {
			isa = PBXFrameworksBuildPhase;
			buildActionMask = 2147483647;
			files = (
			);
			runOnlyForDeploymentPostprocessing = 0;
		};
		BE268AC8294DE22400138220 /* Frameworks */ = {
			isa = PBXFrameworksBuildPhase;
			buildActionMask = 2147483647;
			files = (
			);
			runOnlyForDeploymentPostprocessing = 0;
		};
		BE268AD2294DE22400138220 /* Frameworks */ = {
			isa = PBXFrameworksBuildPhase;
			buildActionMask = 2147483647;
			files = (
			);
			runOnlyForDeploymentPostprocessing = 0;
		};
/* End PBXFrameworksBuildPhase section */

/* Begin PBXGroup section */
		BE268AAC294DE22000138220 = {
			isa = PBXGroup;
			children = (
				BE268AB7294DE22000138220 /* TextStyle */,
				BE268AB6294DE22000138220 /* Products */,
			);
			sourceTree = "<group>";
		};
		BE268AB6294DE22000138220 /* Products */ = {
			isa = PBXGroup;
			children = (
				BE268AB5294DE22000138220 /* TextStyle.app */,
				BE268ACB294DE22400138220 /* TextStyleTests.xctest */,
				BE268AD5294DE22400138220 /* TextStyleUITests.xctest */,
			);
			name = Products;
			sourceTree = "<group>";
		};
		BE268AB7294DE22000138220 /* TextStyle */ = {
			isa = PBXGroup;
			children = (
				BE268AE8294DE42600138220 /* AppDelegate */,
				BE268AEB294DE57E00138220 /* Presentation Layer */,
				BE268AEA294DE44B00138220 /* Storyboard */,
				BE268AE9294DE43A00138220 /* Resources */,
			);
			path = TextStyle;
			sourceTree = "<group>";
		};
		BE268AE8294DE42600138220 /* AppDelegate */ = {
			isa = PBXGroup;
			children = (
				BE268AB8294DE22000138220 /* AppDelegate.swift */,
			);
			path = AppDelegate;
			sourceTree = "<group>";
		};
		BE268AE9294DE43A00138220 /* Resources */ = {
			isa = PBXGroup;
			children = (
				BE268AC1294DE22400138220 /* Assets.xcassets */,
				BE268AC6294DE22400138220 /* Info.plist */,
			);
			path = Resources;
			sourceTree = "<group>";
		};
		BE268AEA294DE44B00138220 /* Storyboard */ = {
			isa = PBXGroup;
			children = (
				BE268AC3294DE22400138220 /* LaunchScreen.storyboard */,
			);
			path = Storyboard;
			sourceTree = "<group>";
		};
		BE268AEB294DE57E00138220 /* Presentation Layer */ = {
			isa = PBXGroup;
			children = (
				BE268AFA294DEA6400138220 /* Scenes */,
				BE268AEC294DE59600138220 /* Common */,
			);
			path = "Presentation Layer";
			sourceTree = "<group>";
		};
		BE268AEC294DE59600138220 /* Common */ = {
			isa = PBXGroup;
			children = (
				BE268B05294DF11800138220 /* FontUtilites */,
				BE268AF2294DE7A700138220 /* CustomViewController */,
				BE268AED294DE5A100138220 /* ViewContainer */,
			);
			path = Common;
			sourceTree = "<group>";
		};
		BE268AED294DE5A100138220 /* ViewContainer */ = {
			isa = PBXGroup;
			children = (
				BE268AEE294DE5BD00138220 /* ViewContainer.swift */,
				BE268AF0294DE65600138220 /* UIView+Extension.swift */,
				BE7FF245294DF3DA00A661EC /* UIStackView+Extension.swift */,
			);
			path = ViewContainer;
			sourceTree = "<group>";
		};
		BE268AF2294DE7A700138220 /* CustomViewController */ = {
			isa = PBXGroup;
			children = (
				BE268AF3294DE7C100138220 /* ViewController.swift */,
				BE268AF5294DE83000138220 /* CustomViewController.swift */,
			);
			path = CustomViewController;
			sourceTree = "<group>";
		};
		BE268AFA294DEA6400138220 /* Scenes */ = {
			isa = PBXGroup;
			children = (
				BE268AFB294DEA6400138220 /* HomeView */,
			);
			path = Scenes;
			sourceTree = "<group>";
		};
		BE268AFB294DEA6400138220 /* HomeView */ = {
			isa = PBXGroup;
			children = (
				BE268AFC294DEA7800138220 /* Views */,
				BE268AFF294DEBC100138220 /* HomeViewController.swift */,
			);
			path = HomeView;
			sourceTree = "<group>";
		};
		BE268AFC294DEA7800138220 /* Views */ = {
			isa = PBXGroup;
			children = (
				BE268AFD294DEA9500138220 /* HomeView.swift */,
			);
			path = Views;
			sourceTree = "<group>";
		};
		BE268B01294DF0B400138220 /* Fonts */ = {
			isa = PBXGroup;
			children = (
				BE7FF248294DF51500A661EC /* SF-Pro.ttf */,
				BE268B03294DF0EE00138220 /* Fonts.swift */,
			);
			path = Fonts;
			sourceTree = "<group>";
		};
		BE268B05294DF11800138220 /* FontUtilites */ = {
			isa = PBXGroup;
			children = (
				BE268B01294DF0B400138220 /* Fonts */,
				BE268B06294DF14500138220 /* TextStyle.swift */,
			);
			path = FontUtilites;
			sourceTree = "<group>";
		};
/* End PBXGroup section */

/* Begin PBXNativeTarget section */
		BE268AB4294DE22000138220 /* TextStyle */ = {
			isa = PBXNativeTarget;
			buildConfigurationList = BE268ADF294DE22400138220 /* Build configuration list for PBXNativeTarget "TextStyle" */;
			buildPhases = (
				BE268AB1294DE22000138220 /* Sources */,
				BE268AB2294DE22000138220 /* Frameworks */,
				BE268AB3294DE22000138220 /* Resources */,
			);
			buildRules = (
			);
			dependencies = (
			);
			name = TextStyle;
			productName = CustomFont;
			productReference = BE268AB5294DE22000138220 /* TextStyle.app */;
			productType = "com.apple.product-type.application";
		};
		BE268ACA294DE22400138220 /* TextStyleTests */ = {
			isa = PBXNativeTarget;
			buildConfigurationList = BE268AE2294DE22400138220 /* Build configuration list for PBXNativeTarget "TextStyleTests" */;
			buildPhases = (
				BE268AC7294DE22400138220 /* Sources */,
				BE268AC8294DE22400138220 /* Frameworks */,
				BE268AC9294DE22400138220 /* Resources */,
			);
			buildRules = (
			);
			dependencies = (
				BE268ACD294DE22400138220 /* PBXTargetDependency */,
			);
			name = TextStyleTests;
			productName = CustomFontTests;
			productReference = BE268ACB294DE22400138220 /* TextStyleTests.xctest */;
			productType = "com.apple.product-type.bundle.unit-test";
		};
		BE268AD4294DE22400138220 /* TextStyleUITests */ = {
			isa = PBXNativeTarget;
			buildConfigurationList = BE268AE5294DE22400138220 /* Build configuration list for PBXNativeTarget "TextStyleUITests" */;
			buildPhases = (
				BE268AD1294DE22400138220 /* Sources */,
				BE268AD2294DE22400138220 /* Frameworks */,
				BE268AD3294DE22400138220 /* Resources */,
			);
			buildRules = (
			);
			dependencies = (
				BE268AD7294DE22400138220 /* PBXTargetDependency */,
			);
			name = TextStyleUITests;
			productName = CustomFontUITests;
			productReference = BE268AD5294DE22400138220 /* TextStyleUITests.xctest */;
			productType = "com.apple.product-type.bundle.ui-testing";
		};
/* End PBXNativeTarget section */

/* Begin PBXProject section */
		BE268AAD294DE22000138220 /* Project object */ = {
			isa = PBXProject;
			attributes = {
				BuildIndependentTargetsInParallel = 1;
				LastSwiftUpdateCheck = 1340;
				LastUpgradeCheck = 1340;
				TargetAttributes = {
					BE268AB4294DE22000138220 = {
						CreatedOnToolsVersion = 13.4.1;
					};
					BE268ACA294DE22400138220 = {
						CreatedOnToolsVersion = 13.4.1;
						TestTargetID = BE268AB4294DE22000138220;
					};
					BE268AD4294DE22400138220 = {
						CreatedOnToolsVersion = 13.4.1;
						TestTargetID = BE268AB4294DE22000138220;
					};
				};
			};
			buildConfigurationList = BE268AB0294DE22000138220 /* Build configuration list for PBXProject "TextStyle" */;
			compatibilityVersion = "Xcode 13.0";
			developmentRegion = en;
			hasScannedForEncodings = 0;
			knownRegions = (
				en,
				Base,
			);
			mainGroup = BE268AAC294DE22000138220;
			productRefGroup = BE268AB6294DE22000138220 /* Products */;
			projectDirPath = "";
			projectRoot = "";
			targets = (
				BE268AB4294DE22000138220 /* TextStyle */,
				BE268ACA294DE22400138220 /* TextStyleTests */,
				BE268AD4294DE22400138220 /* TextStyleUITests */,
			);
		};
/* End PBXProject section */

/* Begin PBXResourcesBuildPhase section */
		BE268AB3294DE22000138220 /* Resources */ = {
			isa = PBXResourcesBuildPhase;
			buildActionMask = 2147483647;
			files = (
				BE268AC5294DE22400138220 /* LaunchScreen.storyboard in Resources */,
				BE7FF249294DF51500A661EC /* SF-Pro.ttf in Resources */,
				BE268AC2294DE22400138220 /* Assets.xcassets in Resources */,
			);
			runOnlyForDeploymentPostprocessing = 0;
		};
		BE268AC9294DE22400138220 /* Resources */ = {
			isa = PBXResourcesBuildPhase;
			buildActionMask = 2147483647;
			files = (
			);
			runOnlyForDeploymentPostprocessing = 0;
		};
		BE268AD3294DE22400138220 /* Resources */ = {
			isa = PBXResourcesBuildPhase;
			buildActionMask = 2147483647;
			files = (
			);
			runOnlyForDeploymentPostprocessing = 0;
		};
/* End PBXResourcesBuildPhase section */

/* Begin PBXSourcesBuildPhase section */
		BE268AB1294DE22000138220 /* Sources */ = {
			isa = PBXSourcesBuildPhase;
			buildActionMask = 2147483647;
			files = (
				BE268B07294DF14500138220 /* TextStyle.swift in Sources */,
				BE268B04294DF0EE00138220 /* Fonts.swift in Sources */,
				BE268AF1294DE65600138220 /* UIView+Extension.swift in Sources */,
				BE7FF246294DF3DA00A661EC /* UIStackView+Extension.swift in Sources */,
				BE268AEF294DE5BD00138220 /* ViewContainer.swift in Sources */,
				BE268AF6294DE83000138220 /* CustomViewController.swift in Sources */,
				BE268AFE294DEA9500138220 /* HomeView.swift in Sources */,
				BE268AF4294DE7C100138220 /* ViewController.swift in Sources */,
				BE268B00294DEBC100138220 /* HomeViewController.swift in Sources */,
				BE268AB9294DE22000138220 /* AppDelegate.swift in Sources */,
			);
			runOnlyForDeploymentPostprocessing = 0;
		};
		BE268AC7294DE22400138220 /* Sources */ = {
			isa = PBXSourcesBuildPhase;
			buildActionMask = 2147483647;
			files = (
			);
			runOnlyForDeploymentPostprocessing = 0;
		};
		BE268AD1294DE22400138220 /* Sources */ = {
			isa = PBXSourcesBuildPhase;
			buildActionMask = 2147483647;
			files = (
			);
			runOnlyForDeploymentPostprocessing = 0;
		};
/* End PBXSourcesBuildPhase section */

/* Begin PBXTargetDependency section */
		BE268ACD294DE22400138220 /* PBXTargetDependency */ = {
			isa = PBXTargetDependency;
			target = BE268AB4294DE22000138220 /* TextStyle */;
			targetProxy = BE268ACC294DE22400138220 /* PBXContainerItemProxy */;
		};
		BE268AD7294DE22400138220 /* PBXTargetDependency */ = {
			isa = PBXTargetDependency;
			target = BE268AB4294DE22000138220 /* TextStyle */;
			targetProxy = BE268AD6294DE22400138220 /* PBXContainerItemProxy */;
		};
/* End PBXTargetDependency section */

/* Begin PBXVariantGroup section */
		BE268AC3294DE22400138220 /* LaunchScreen.storyboard */ = {
			isa = PBXVariantGroup;
			children = (
				BE268AC4294DE22400138220 /* Base */,
			);
			name = LaunchScreen.storyboard;
			sourceTree = "<group>";
		};
/* End PBXVariantGroup section */

/* Begin XCBuildConfiguration section */
		BE268ADD294DE22400138220 /* Debug */ = {
			isa = XCBuildConfiguration;
			buildSettings = {
				ALWAYS_SEARCH_USER_PATHS = NO;
				CLANG_ANALYZER_NONNULL = YES;
				CLANG_ANALYZER_NUMBER_OBJECT_CONVERSION = YES_AGGRESSIVE;
				CLANG_CXX_LANGUAGE_STANDARD = "gnu++17";
				CLANG_ENABLE_MODULES = YES;
				CLANG_ENABLE_OBJC_ARC = YES;
				CLANG_ENABLE_OBJC_WEAK = YES;
				CLANG_WARN_BLOCK_CAPTURE_AUTORELEASING = YES;
				CLANG_WARN_BOOL_CONVERSION = YES;
				CLANG_WARN_COMMA = YES;
				CLANG_WARN_CONSTANT_CONVERSION = YES;
				CLANG_WARN_DEPRECATED_OBJC_IMPLEMENTATIONS = YES;
				CLANG_WARN_DIRECT_OBJC_ISA_USAGE = YES_ERROR;
				CLANG_WARN_DOCUMENTATION_COMMENTS = YES;
				CLANG_WARN_EMPTY_BODY = YES;
				CLANG_WARN_ENUM_CONVERSION = YES;
				CLANG_WARN_INFINITE_RECURSION = YES;
				CLANG_WARN_INT_CONVERSION = YES;
				CLANG_WARN_NON_LITERAL_NULL_CONVERSION = YES;
				CLANG_WARN_OBJC_IMPLICIT_RETAIN_SELF = YES;
				CLANG_WARN_OBJC_LITERAL_CONVERSION = YES;
				CLANG_WARN_OBJC_ROOT_CLASS = YES_ERROR;
				CLANG_WARN_QUOTED_INCLUDE_IN_FRAMEWORK_HEADER = YES;
				CLANG_WARN_RANGE_LOOP_ANALYSIS = YES;
				CLANG_WARN_STRICT_PROTOTYPES = YES;
				CLANG_WARN_SUSPICIOUS_MOVE = YES;
				CLANG_WARN_UNGUARDED_AVAILABILITY = YES_AGGRESSIVE;
				CLANG_WARN_UNREACHABLE_CODE = YES;
				CLANG_WARN__DUPLICATE_METHOD_MATCH = YES;
				COPY_PHASE_STRIP = NO;
				DEBUG_INFORMATION_FORMAT = dwarf;
				ENABLE_STRICT_OBJC_MSGSEND = YES;
				ENABLE_TESTABILITY = YES;
				GCC_C_LANGUAGE_STANDARD = gnu11;
				GCC_DYNAMIC_NO_PIC = NO;
				GCC_NO_COMMON_BLOCKS = YES;
				GCC_OPTIMIZATION_LEVEL = 0;
				GCC_PREPROCESSOR_DEFINITIONS = (
					"DEBUG=1",
					"$(inherited)",
				);
				GCC_WARN_64_TO_32_BIT_CONVERSION = YES;
				GCC_WARN_ABOUT_RETURN_TYPE = YES_ERROR;
				GCC_WARN_UNDECLARED_SELECTOR = YES;
				GCC_WARN_UNINITIALIZED_AUTOS = YES_AGGRESSIVE;
				GCC_WARN_UNUSED_FUNCTION = YES;
				GCC_WARN_UNUSED_VARIABLE = YES;
				IPHONEOS_DEPLOYMENT_TARGET = 15.5;
				MTL_ENABLE_DEBUG_INFO = INCLUDE_SOURCE;
				MTL_FAST_MATH = YES;
				ONLY_ACTIVE_ARCH = YES;
				SDKROOT = iphoneos;
				SWIFT_ACTIVE_COMPILATION_CONDITIONS = DEBUG;
				SWIFT_OPTIMIZATION_LEVEL = "-Onone";
			};
			name = Debug;
		};
		BE268ADE294DE22400138220 /* Release */ = {
			isa = XCBuildConfiguration;
			buildSettings = {
				ALWAYS_SEARCH_USER_PATHS = NO;
				CLANG_ANALYZER_NONNULL = YES;
				CLANG_ANALYZER_NUMBER_OBJECT_CONVERSION = YES_AGGRESSIVE;
				CLANG_CXX_LANGUAGE_STANDARD = "gnu++17";
				CLANG_ENABLE_MODULES = YES;
				CLANG_ENABLE_OBJC_ARC = YES;
				CLANG_ENABLE_OBJC_WEAK = YES;
				CLANG_WARN_BLOCK_CAPTURE_AUTORELEASING = YES;
				CLANG_WARN_BOOL_CONVERSION = YES;
				CLANG_WARN_COMMA = YES;
				CLANG_WARN_CONSTANT_CONVERSION = YES;
				CLANG_WARN_DEPRECATED_OBJC_IMPLEMENTATIONS = YES;
				CLANG_WARN_DIRECT_OBJC_ISA_USAGE = YES_ERROR;
				CLANG_WARN_DOCUMENTATION_COMMENTS = YES;
				CLANG_WARN_EMPTY_BODY = YES;
				CLANG_WARN_ENUM_CONVERSION = YES;
				CLANG_WARN_INFINITE_RECURSION = YES;
				CLANG_WARN_INT_CONVERSION = YES;
				CLANG_WARN_NON_LITERAL_NULL_CONVERSION = YES;
				CLANG_WARN_OBJC_IMPLICIT_RETAIN_SELF = YES;
				CLANG_WARN_OBJC_LITERAL_CONVERSION = YES;
				CLANG_WARN_OBJC_ROOT_CLASS = YES_ERROR;
				CLANG_WARN_QUOTED_INCLUDE_IN_FRAMEWORK_HEADER = YES;
				CLANG_WARN_RANGE_LOOP_ANALYSIS = YES;
				CLANG_WARN_STRICT_PROTOTYPES = YES;
				CLANG_WARN_SUSPICIOUS_MOVE = YES;
				CLANG_WARN_UNGUARDED_AVAILABILITY = YES_AGGRESSIVE;
				CLANG_WARN_UNREACHABLE_CODE = YES;
				CLANG_WARN__DUPLICATE_METHOD_MATCH = YES;
				COPY_PHASE_STRIP = NO;
				DEBUG_INFORMATION_FORMAT = "dwarf-with-dsym";
				ENABLE_NS_ASSERTIONS = NO;
				ENABLE_STRICT_OBJC_MSGSEND = YES;
				GCC_C_LANGUAGE_STANDARD = gnu11;
				GCC_NO_COMMON_BLOCKS = YES;
				GCC_WARN_64_TO_32_BIT_CONVERSION = YES;
				GCC_WARN_ABOUT_RETURN_TYPE = YES_ERROR;
				GCC_WARN_UNDECLARED_SELECTOR = YES;
				GCC_WARN_UNINITIALIZED_AUTOS = YES_AGGRESSIVE;
				GCC_WARN_UNUSED_FUNCTION = YES;
				GCC_WARN_UNUSED_VARIABLE = YES;
				IPHONEOS_DEPLOYMENT_TARGET = 15.5;
				MTL_ENABLE_DEBUG_INFO = NO;
				MTL_FAST_MATH = YES;
				SDKROOT = iphoneos;
				SWIFT_COMPILATION_MODE = wholemodule;
				SWIFT_OPTIMIZATION_LEVEL = "-O";
				VALIDATE_PRODUCT = YES;
			};
			name = Release;
		};
		BE268AE0294DE22400138220 /* Debug */ = {
			isa = XCBuildConfiguration;
			buildSettings = {
				ASSETCATALOG_COMPILER_APPICON_NAME = AppIcon;
				ASSETCATALOG_COMPILER_GLOBAL_ACCENT_COLOR_NAME = AccentColor;
				CODE_SIGN_STYLE = Automatic;
				CURRENT_PROJECT_VERSION = 1;
				DEVELOPMENT_TEAM = VRQ6H42Z38;
				GENERATE_INFOPLIST_FILE = YES;
				INFOPLIST_FILE = TextStyle/Resources/Info.plist;
				INFOPLIST_KEY_UIApplicationSupportsIndirectInputEvents = YES;
				INFOPLIST_KEY_UILaunchStoryboardName = LaunchScreen;
				INFOPLIST_KEY_UISupportedInterfaceOrientations_iPad = "UIInterfaceOrientationPortrait UIInterfaceOrientationPortraitUpsideDown UIInterfaceOrientationLandscapeLeft UIInterfaceOrientationLandscapeRight";
				INFOPLIST_KEY_UISupportedInterfaceOrientations_iPhone = "UIInterfaceOrientationPortrait UIInterfaceOrientationLandscapeLeft UIInterfaceOrientationLandscapeRight";
				LD_RUNPATH_SEARCH_PATHS = (
					"$(inherited)",
					"@executable_path/Frameworks",
				);
				MARKETING_VERSION = 1.0;
				PRODUCT_BUNDLE_IDENTIFIER = com.rajanand.CustomFont;
				PRODUCT_NAME = "$(TARGET_NAME)";
				SWIFT_EMIT_LOC_STRINGS = YES;
				SWIFT_VERSION = 5.0;
				TARGETED_DEVICE_FAMILY = "1,2";
			};
			name = Debug;
		};
		BE268AE1294DE22400138220 /* Release */ = {
			isa = XCBuildConfiguration;
			buildSettings = {
				ASSETCATALOG_COMPILER_APPICON_NAME = AppIcon;
				ASSETCATALOG_COMPILER_GLOBAL_ACCENT_COLOR_NAME = AccentColor;
				CODE_SIGN_STYLE = Automatic;
				CURRENT_PROJECT_VERSION = 1;
				DEVELOPMENT_TEAM = VRQ6H42Z38;
				GENERATE_INFOPLIST_FILE = YES;
				INFOPLIST_FILE = TextStyle/Resources/Info.plist;
				INFOPLIST_KEY_UIApplicationSupportsIndirectInputEvents = YES;
				INFOPLIST_KEY_UILaunchStoryboardName = LaunchScreen;
				INFOPLIST_KEY_UISupportedInterfaceOrientations_iPad = "UIInterfaceOrientationPortrait UIInterfaceOrientationPortraitUpsideDown UIInterfaceOrientationLandscapeLeft UIInterfaceOrientationLandscapeRight";
				INFOPLIST_KEY_UISupportedInterfaceOrientations_iPhone = "UIInterfaceOrientationPortrait UIInterfaceOrientationLandscapeLeft UIInterfaceOrientationLandscapeRight";
				LD_RUNPATH_SEARCH_PATHS = (
					"$(inherited)",
					"@executable_path/Frameworks",
				);
				MARKETING_VERSION = 1.0;
				PRODUCT_BUNDLE_IDENTIFIER = com.rajanand.CustomFont;
				PRODUCT_NAME = "$(TARGET_NAME)";
				SWIFT_EMIT_LOC_STRINGS = YES;
				SWIFT_VERSION = 5.0;
				TARGETED_DEVICE_FAMILY = "1,2";
			};
			name = Release;
		};
		BE268AE3294DE22400138220 /* Debug */ = {
			isa = XCBuildConfiguration;
			buildSettings = {
				ALWAYS_EMBED_SWIFT_STANDARD_LIBRARIES = YES;
				BUNDLE_LOADER = "$(TEST_HOST)";
				CODE_SIGN_STYLE = Automatic;
				CURRENT_PROJECT_VERSION = 1;
				DEVELOPMENT_TEAM = VRQ6H42Z38;
				GENERATE_INFOPLIST_FILE = YES;
				IPHONEOS_DEPLOYMENT_TARGET = 15.5;
				MARKETING_VERSION = 1.0;
				PRODUCT_BUNDLE_IDENTIFIER = com.rajanand.CustomFontTests;
				PRODUCT_NAME = "$(TARGET_NAME)";
				SWIFT_EMIT_LOC_STRINGS = NO;
				SWIFT_VERSION = 5.0;
				TARGETED_DEVICE_FAMILY = "1,2";
				TEST_HOST = "$(BUILT_PRODUCTS_DIR)/TextStyle.app/TextStyle";
			};
			name = Debug;
		};
		BE268AE4294DE22400138220 /* Release */ = {
			isa = XCBuildConfiguration;
			buildSettings = {
				ALWAYS_EMBED_SWIFT_STANDARD_LIBRARIES = YES;
				BUNDLE_LOADER = "$(TEST_HOST)";
				CODE_SIGN_STYLE = Automatic;
				CURRENT_PROJECT_VERSION = 1;
				DEVELOPMENT_TEAM = VRQ6H42Z38;
				GENERATE_INFOPLIST_FILE = YES;
				IPHONEOS_DEPLOYMENT_TARGET = 15.5;
				MARKETING_VERSION = 1.0;
				PRODUCT_BUNDLE_IDENTIFIER = com.rajanand.CustomFontTests;
				PRODUCT_NAME = "$(TARGET_NAME)";
				SWIFT_EMIT_LOC_STRINGS = NO;
				SWIFT_VERSION = 5.0;
				TARGETED_DEVICE_FAMILY = "1,2";
				TEST_HOST = "$(BUILT_PRODUCTS_DIR)/TextStyle.app/TextStyle";
			};
			name = Release;
		};
		BE268AE6294DE22400138220 /* Debug */ = {
			isa = XCBuildConfiguration;
			buildSettings = {
				ALWAYS_EMBED_SWIFT_STANDARD_LIBRARIES = YES;
				CODE_SIGN_STYLE = Automatic;
				CURRENT_PROJECT_VERSION = 1;
				DEVELOPMENT_TEAM = VRQ6H42Z38;
				GENERATE_INFOPLIST_FILE = YES;
				MARKETING_VERSION = 1.0;
				PRODUCT_BUNDLE_IDENTIFIER = com.rajanand.CustomFontUITests;
				PRODUCT_NAME = "$(TARGET_NAME)";
				SWIFT_EMIT_LOC_STRINGS = NO;
				SWIFT_VERSION = 5.0;
				TARGETED_DEVICE_FAMILY = "1,2";
				TEST_TARGET_NAME = CustomFont;
			};
			name = Debug;
		};
		BE268AE7294DE22400138220 /* Release */ = {
			isa = XCBuildConfiguration;
			buildSettings = {
				ALWAYS_EMBED_SWIFT_STANDARD_LIBRARIES = YES;
				CODE_SIGN_STYLE = Automatic;
				CURRENT_PROJECT_VERSION = 1;
				DEVELOPMENT_TEAM = VRQ6H42Z38;
				GENERATE_INFOPLIST_FILE = YES;
				MARKETING_VERSION = 1.0;
				PRODUCT_BUNDLE_IDENTIFIER = com.rajanand.CustomFontUITests;
				PRODUCT_NAME = "$(TARGET_NAME)";
				SWIFT_EMIT_LOC_STRINGS = NO;
				SWIFT_VERSION = 5.0;
				TARGETED_DEVICE_FAMILY = "1,2";
				TEST_TARGET_NAME = CustomFont;
			};
			name = Release;
		};
/* End XCBuildConfiguration section */

/* Begin XCConfigurationList section */
		BE268AB0294DE22000138220 /* Build configuration list for PBXProject "TextStyle" */ = {
			isa = XCConfigurationList;
			buildConfigurations = (
				BE268ADD294DE22400138220 /* Debug */,
				BE268ADE294DE22400138220 /* Release */,
			);
			defaultConfigurationIsVisible = 0;
			defaultConfigurationName = Release;
		};
		BE268ADF294DE22400138220 /* Build configuration list for PBXNativeTarget "TextStyle" */ = {
			isa = XCConfigurationList;
			buildConfigurations = (
				BE268AE0294DE22400138220 /* Debug */,
				BE268AE1294DE22400138220 /* Release */,
			);
			defaultConfigurationIsVisible = 0;
			defaultConfigurationName = Release;
		};
		BE268AE2294DE22400138220 /* Build configuration list for PBXNativeTarget "TextStyleTests" */ = {
			isa = XCConfigurationList;
			buildConfigurations = (
				BE268AE3294DE22400138220 /* Debug */,
				BE268AE4294DE22400138220 /* Release */,
			);
			defaultConfigurationIsVisible = 0;
			defaultConfigurationName = Release;
		};
		BE268AE5294DE22400138220 /* Build configuration list for PBXNativeTarget "TextStyleUITests" */ = {
			isa = XCConfigurationList;
			buildConfigurations = (
				BE268AE6294DE22400138220 /* Debug */,
				BE268AE7294DE22400138220 /* Release */,
			);
			defaultConfigurationIsVisible = 0;
			defaultConfigurationName = Release;
		};
/* End XCConfigurationList section */
	};
	rootObject = BE268AAD294DE22000138220 /* Project object */;
}
